{
  "name": "jaeger-sixth-replay-writting",
  "version": "0.1.0",
  "lockfileVersion": 1,
  "requires": true,
  "dependencies": {
    "@textlint/ast-node-types": {
      "version": "4.2.1",
      "resolved": "https://registry.npmjs.org/@textlint/ast-node-types/-/ast-node-types-4.2.1.tgz",
      "integrity": "sha512-Pqg1LTJpF929Ovi/lCaPqlyz8yDwBFbQulC0jyQcbRAoTxYS4AZMc48Ug2yk0so5hISQXKrlAxyVBmBVl9EKGA=="
    },
    "@textlint/types": {
      "version": "1.1.2",
      "resolved": "https://registry.npmjs.org/@textlint/types/-/types-1.1.2.tgz",
      "integrity": "sha512-XNsS9GTi3lrhKYbqrZZIaYOXxi1DUeMdNyg9bbcRG9yZUD6T6TVEFI0s2fCvPpUFk31JSsOyWpEBLcd/TwrsNQ==",
      "requires": {
        "@textlint/ast-node-types": "^4.2.1",
        "structured-source": "^3.0.2"
      }
    },
    "async": {
      "version": "2.6.1",
      "resolved": "https://registry.npmjs.org/async/-/async-2.6.1.tgz",
      "integrity": "sha512-fNEiL2+AZt6AlAw/29Cr0UDe4sRAHCpEHh54WMz+Bb7QfNcFw4h3loofyJpLeQs4Yx7yuqu/2dLgM5hKOs6HlQ==",
      "requires": {
        "lodash": "^4.17.10"
      }
    },
    "boundary": {
      "version": "1.0.1",
      "resolved": "https://registry.npmjs.org/boundary/-/boundary-1.0.1.tgz",
      "integrity": "sha1-TWfcJgLAzBbdm85+v4fpSCkPWBI="
    },
    "buffer-from": {
      "version": "1.1.1",
      "resolved": "https://registry.npmjs.org/buffer-from/-/buffer-from-1.1.1.tgz",
      "integrity": "sha512-MQcXEUbCKtEo7bhqEs6560Hyd4XaovZlO/k9V3hjVUF/zwW7KBVdSK4gIt/bzwS9MbR5qob+F5jusZsb0YQK2A=="
    },
    "concat-stream": {
      "version": "1.6.2",
      "resolved": "https://registry.npmjs.org/concat-stream/-/concat-stream-1.6.2.tgz",
      "integrity": "sha512-27HBghJxjiZtIk3Ycvn/4kbJk/1uZuJFfuPEns6LaEvpvG1f0hTea8lilrouyo9mVc2GWdcEZ8OLoGmSADlrCw==",
      "requires": {
        "buffer-from": "^1.0.0",
        "inherits": "^2.0.3",
        "readable-stream": "^2.2.2",
        "typedarray": "^0.0.6"
      }
    },
    "core-util-is": {
      "version": "1.0.2",
      "resolved": "https://registry.npmjs.org/core-util-is/-/core-util-is-1.0.2.tgz",
      "integrity": "sha1-tf1UIgqivFq1eqtxQMlAdUUDwac="
    },
    "doublearray": {
      "version": "0.0.2",
      "resolved": "https://registry.npmjs.org/doublearray/-/doublearray-0.0.2.tgz",
      "integrity": "sha1-Yxhv6NNEEydtNiH2qg7F954ifvk="
    },
    "inherits": {
      "version": "2.0.3",
      "resolved": "https://registry.npmjs.org/inherits/-/inherits-2.0.3.tgz",
      "integrity": "sha1-Yzwsg+PaQqUC9SRmAiSA9CCCYd4="
    },
    "isarray": {
      "version": "1.0.0",
      "resolved": "https://registry.npmjs.org/isarray/-/isarray-1.0.0.tgz",
      "integrity": "sha1-u5NdSFgsuhaMBoNJV6VKPgcSTxE="
    },
    "kansuji": {
      "version": "1.1.0",
      "resolved": "https://registry.npmjs.org/kansuji/-/kansuji-1.1.0.tgz",
      "integrity": "sha1-6sU05crgeGLnTWt0W8WGG3g+7NQ="
    },
    "kuromoji": {
      "version": "0.1.1",
      "resolved": "https://registry.npmjs.org/kuromoji/-/kuromoji-0.1.1.tgz",
      "integrity": "sha1-Sqvzm8zti4rZLQB6BKJr5tqEd8k=",
      "requires": {
        "async": "^2.0.1",
        "doublearray": "0.0.2",
        "zlibjs": "^0.2.0"
      }
    },
    "kuromojin": {
      "version": "1.4.0",
      "resolved": "https://registry.npmjs.org/kuromojin/-/kuromojin-1.4.0.tgz",
      "integrity": "sha512-ZoG3NAW6ATKgo2jBgjVWwE66GeaT2jHgdf0v1dL8+WffuSfvTvX7l6ePgYusSAhHW+dwtneYcbav8N0NhsA0uw==",
      "requires": {
        "kuromoji": "0.1.1"
      }
    },
    "lodash": {
      "version": "4.17.11",
      "resolved": "https://registry.npmjs.org/lodash/-/lodash-4.17.11.tgz",
      "integrity": "sha512-cQKh8igo5QUhZ7lg38DYWAxMvjSAKG0A8wGSVimP07SIUEK2UO+arSRKbRZWtelMtN5V0Hkwh5ryOto/SshYIg=="
    },
    "misspellings": {
      "version": "1.1.0",
      "resolved": "https://registry.npmjs.org/misspellings/-/misspellings-1.1.0.tgz",
      "integrity": "sha1-U9UAJmy9Cc2p2UxM85LmBYm1syQ="
    },
    "object-assign": {
      "version": "4.1.1",
      "resolved": "https://registry.npmjs.org/object-assign/-/object-assign-4.1.1.tgz",
      "integrity": "sha1-IQmtx5ZYh8/AXLvUQsrIv7s2CGM="
    },
    "process-nextick-args": {
      "version": "2.0.0",
      "resolved": "https://registry.npmjs.org/process-nextick-args/-/process-nextick-args-2.0.0.tgz",
      "integrity": "sha512-MtEC1TqN0EU5nephaJ4rAtThHtC86dNN9qCuEhtshvpVBkAW5ZO7BASN9REnF9eoXGcRub+pFuKEpOHE+HbEMw=="
    },
    "readable-stream": {
      "version": "2.3.6",
      "resolved": "https://registry.npmjs.org/readable-stream/-/readable-stream-2.3.6.tgz",
      "integrity": "sha512-tQtKA9WIAhBF3+VLAseyMqZeBjW0AHJoxOtYqSUZNJxauErmLbVm2FW1y+J/YA9dUrAC39ITejlZWhVIwawkKw==",
      "requires": {
        "core-util-is": "~1.0.0",
        "inherits": "~2.0.3",
        "isarray": "~1.0.0",
        "process-nextick-args": "~2.0.0",
        "safe-buffer": "~5.1.1",
        "string_decoder": "~1.1.1",
        "util-deprecate": "~1.0.1"
      }
    },
    "safe-buffer": {
      "version": "5.1.2",
      "resolved": "https://registry.npmjs.org/safe-buffer/-/safe-buffer-5.1.2.tgz",
      "integrity": "sha512-Gd2UZBJDkXlY7GbJxfsE8/nvKkUEU1G38c1siN6QP6a9PT9MmHB8GnpscSmMJSoF8LOIrt8ud/wPtojys4G6+g=="
    },
    "sentence-splitter": {
      "version": "2.3.2",
      "resolved": "https://registry.npmjs.org/sentence-splitter/-/sentence-splitter-2.3.2.tgz",
      "integrity": "sha512-QnpHNykm4nI4T6mT+NoVayh9Ixl5DohYCSVqMgPJsO2WejOcqaYTh4HQOkmzaDzXH3NO5pif4z/hpo2NGtgNlg==",
      "requires": {
        "concat-stream": "^1.5.2",
        "structured-source": "^3.0.2"
      }
    },
    "string_decoder": {
      "version": "1.1.1",
      "resolved": "https://registry.npmjs.org/string_decoder/-/string_decoder-1.1.1.tgz",
      "integrity": "sha512-n/ShnvDi6FHbbVfviro+WojiFzv+s8MPMHBczVePfUpDJLwoLT0ht1l4YwBCbi8pJAveEEdnkHyPyTP/mzRfwg==",
      "requires": {
        "safe-buffer": "~5.1.0"
      }
    },
    "structured-source": {
      "version": "3.0.2",
      "resolved": "https://registry.npmjs.org/structured-source/-/structured-source-3.0.2.tgz",
      "integrity": "sha1-3YAkJeD1PcSm56yjdSkBoczaevU=",
      "requires": {
        "boundary": "^1.0.1"
      }
    },
    "textlint-rule-common-misspellings": {
      "version": "1.0.1",
      "resolved": "https://registry.npmjs.org/textlint-rule-common-misspellings/-/textlint-rule-common-misspellings-1.0.1.tgz",
      "integrity": "sha1-jEEzzzu1mqFZGZ0sm87RJBM2V3Q=",
      "requires": {
        "misspellings": "^1.0.1",
        "textlint-rule-helper": "^1.1.5"
      }
    },
    "textlint-rule-general-novel-style-ja": {
      "version": "1.3.0",
      "resolved": "https://registry.npmjs.org/textlint-rule-general-novel-style-ja/-/textlint-rule-general-novel-style-ja-1.3.0.tgz",
      "integrity": "sha1-dvrjRywtHl0mjyO+CPH+KUYf6Os=",
      "requires": {
        "kansuji": "^1.1.0",
        "textlint-rule-helper": "^1.1.5"
      }
    },
    "textlint-rule-helper": {
      "version": "1.2.0",
      "resolved": "https://registry.npmjs.org/textlint-rule-helper/-/textlint-rule-helper-1.2.0.tgz",
      "integrity": "sha1-vmjUelFGsW3RFieMmut701YxzNo=",
      "requires": {
        "unist-util-visit": "^1.1.0"
      }
    },
    "textlint-rule-max-ten": {
      "version": "2.0.3",
      "resolved": "https://registry.npmjs.org/textlint-rule-max-ten/-/textlint-rule-max-ten-2.0.3.tgz",
      "integrity": "sha1-3MvA0BV+6Gp1csoApHqx+ld/BkU=",
      "requires": {
        "kuromojin": "^1.0.2",
        "sentence-splitter": "^2.0.0",
        "structured-source": "^3.0.2",
        "textlint-rule-helper": "^2.0.0"
      },
      "dependencies": {
        "textlint-rule-helper": {
          "version": "2.1.1",
          "resolved": "https://registry.npmjs.org/textlint-rule-helper/-/textlint-rule-helper-2.1.1.tgz",
          "integrity": "sha512-6fxgHzoJVkjl3LaC1b2Egi+5wbhG4i0pU0knJmQujVhxIJ3D3AcQQZPs457xKAi5xKz1WayYeTeJ5jrD/hnO7g==",
          "requires": {
            "@textlint/ast-node-types": "^4.2.1",
            "@textlint/types": "^1.1.2",
            "structured-source": "^3.0.2",
            "unist-util-visit": "^1.1.0"
          }
        }
      }
    },
    "textlint-rule-no-doubled-conjunctive-particle-ga": {
      "version": "1.0.2",
      "resolved": "https://registry.npmjs.org/textlint-rule-no-doubled-conjunctive-particle-ga/-/textlint-rule-no-doubled-conjunctive-particle-ga-1.0.2.tgz",
      "integrity": "sha1-uctnlVWuoqsNT/z6TdL/q3G/AFc=",
      "requires": {
        "kuromojin": "^1.1.0",
        "sentence-splitter": "^1.2.0",
        "textlint-rule-helper": "^1.1.5",
        "textlint-util-to-string": "^1.2.0"
      },
      "dependencies": {
        "sentence-splitter": {
          "version": "1.2.0",
          "resolved": "https://registry.npmjs.org/sentence-splitter/-/sentence-splitter-1.2.0.tgz",
          "integrity": "sha1-wcOEFM8UXscX/UN8rCDJiOD9DUY=",
          "requires": {
            "structured-source": "^3.0.2"
          }
        }
      }
    },
    "textlint-rule-no-dropping-the-ra": {
      "version": "1.1.2",
      "resolved": "https://registry.npmjs.org/textlint-rule-no-dropping-the-ra/-/textlint-rule-no-dropping-the-ra-1.1.2.tgz",
      "integrity": "sha1-F9jGWYbXvYAUpFKTA6K6C3aaidI=",
      "requires": {
        "kuromojin": "^1.2.1",
        "textlint-rule-helper": "^1.1.4"
      }
    },
    "textlint-util-to-string": {
      "version": "1.2.1",
      "resolved": "https://registry.npmjs.org/textlint-util-to-string/-/textlint-util-to-string-1.2.1.tgz",
      "integrity": "sha1-HPiZVtJ1VaVelYjAazWlDw0dRvk=",
      "requires": {
        "object-assign": "^4.0.1",
        "structured-source": "^3.0.2"
      }
    },
    "typedarray": {
      "version": "0.0.6",
      "resolved": "https://registry.npmjs.org/typedarray/-/typedarray-0.0.6.tgz",
      "integrity": "sha1-hnrHTjhkGHsdPUfZlqeOxciDB3c="
    },
    "unist-util-is": {
      "version": "2.1.2",
      "resolved": "https://registry.npmjs.org/unist-util-is/-/unist-util-is-2.1.2.tgz",
      "integrity": "sha512-YkXBK/H9raAmG7KXck+UUpnKiNmUdB+aBGrknfQ4EreE1banuzrKABx3jP6Z5Z3fMSPMQQmeXBlKpCbMwBkxVw=="
    },
    "unist-util-visit": {
      "version": "1.4.0",
      "resolved": "https://registry.npmjs.org/unist-util-visit/-/unist-util-visit-1.4.0.tgz",
      "integrity": "sha512-FiGu34ziNsZA3ZUteZxSFaczIjGmksfSgdKqBfOejrrfzyUy5b7YrlzT1Bcvi+djkYDituJDy2XB7tGTeBieKw==",
      "requires": {
        "unist-util-visit-parents": "^2.0.0"
      }
    },
    "unist-util-visit-parents": {
      "version": "2.0.1",
      "resolved": "https://registry.npmjs.org/unist-util-visit-parents/-/unist-util-visit-parents-2.0.1.tgz",
      "integrity": "sha512-6B0UTiMfdWql4cQ03gDTCSns+64Zkfo2OCbK31Ov0uMizEz+CJeAp0cgZVb5Fhmcd7Bct2iRNywejT0orpbqUA==",
      "requires": {
        "unist-util-is": "^2.1.2"
      }
    },
    "util-deprecate": {
      "version": "1.0.2",
      "resolved": "https://registry.npmjs.org/util-deprecate/-/util-deprecate-1.0.2.tgz",
      "integrity": "sha1-RQ1Nyfpw3nMnYvvS1KKJgUGaDM8="
    },
    "zlibjs": {
      "version": "0.2.0",
      "resolved": "https://registry.npmjs.org/zlibjs/-/zlibjs-0.2.0.tgz",
      "integrity": "sha1-riDwYkMpPYXCVVYxifmxL1s7oaA="
    }
  }
}
